
Microsoft Visual Studio Solution File, Format Version 12.00
# Visual Studio Version 16
VisualStudioVersion = 16.0.29920.165
MinimumVisualStudioVersion = 10.0.40219.1
Project("{FAE04EC0-301F-11D3-BF4B-00C04F79EFBC}") = "Teste", "Teste\Teste.csproj", "{2CE0839B-A582-4976-ACA7-E6C9B223322C}"
EndProject
Global
	GlobalSection(SolutionConfigurationPlatforms) = preSolution
		Debug|Any CPU = Debug|Any CPU
		Release|Any CPU = Release|Any CPU
	EndGlobalSection
	GlobalSection(ProjectConfigurationPlatforms) = postSolution
		{2CE0839B-A582-4976-ACA7-E6C9B223322C}.Debug|Any CPU.ActiveCfg = Debug|Any CPU
		{2CE0839B-A582-4976-ACA7-E6C9B223322C}.Debug|Any CPU.Build.0 = Debug|Any CPU
		{2CE0839B-A582-4976-ACA7-E6C9B223322C}.Release|Any CPU.ActiveCfg = Release|Any CPU
		{2CE0839B-A582-4976-ACA7-E6C9B223322C}.Release|Any CPU.Build.0 = Release|Any CPU
	EndGlobalSection
	GlobalSection(SolutionProperties) = preSolution
		HideSolutionNode = FALSE
	EndGlobalSection
	GlobalSection(ExtensibilityGlobals) = postSolution
		SolutionGuid = {E6F8F9B0-C031-419B-A66B-AA7980001792}
	EndGlobalSection
EndGlobal
